
Microsoft Visual Studio Solution File, Format Version 12.00
# Visual Studio Version 17
VisualStudioVersion = 17.9.34607.119
MinimumVisualStudioVersion = 10.0.40219.1
Project("{9A19103F-16F7-4668-BE54-9A1E7A4F7556}") = "RectangularRule", "RectangularRule\RectangularRule.csproj", "{805D1D6D-9C22-43FC-9D9D-5BE0742CEFA5}"
EndProject
Project("{9A19103F-16F7-4668-BE54-9A1E7A4F7556}") = "LinkedLists", "LinkedLists\LinkedLists.csproj", "{DBBB0E1C-D95F-422F-BE9B-0BE56BCF955F}"
EndProject
Project("{9A19103F-16F7-4668-BE54-9A1E7A4F7556}") = "Tests", "Tests\Tests.csproj", "{4C6A4BCF-E014-4F12-ADDE-233133D33398}"
EndProject
Project("{9A19103F-16F7-4668-BE54-9A1E7A4F7556}") = "LinkedListsSearchBenchmark", "LinkedListsSearchBenchmark\LinkedListsSearchBenchmark.csproj", "{7DF287AF-74F4-4541-9AAA-ADDE4AB4C572}"
EndProject
Project("{FAE04EC0-301F-11D3-BF4B-00C04F79EFBC}") = "Sorting", "Sorting\Sorting.csproj", "{DEB607D0-1365-40A9-8078-B8A5506A9B8F}"
EndProject
Project("{FAE04EC0-301F-11D3-BF4B-00C04F79EFBC}") = "Trees", "Trees\Trees.csproj", "{DB325967-5E5C-43A5-9857-3D1808D6CD8C}"
EndProject
Project("{2150E333-8FDC-42A3-9474-1A3956D46DE8}") = "Benchmarks", "Benchmarks", "{D8247B61-534D-4174-9F20-93EC504A8F29}"
EndProject
Project("{FAE04EC0-301F-11D3-BF4B-00C04F79EFBC}") = "Search", "Search\Search.csproj", "{A0939817-CB41-4C66-A897-41D6EC435DEC}"
EndProject
Project("{FAE04EC0-301F-11D3-BF4B-00C04F79EFBC}") = "SearchBenchmark", "SearchBenchmark\SearchBenchmark.csproj", "{0CB74F5F-8D2B-42A6-97E6-C25967CFEF5C}"
EndProject
Project("{FAE04EC0-301F-11D3-BF4B-00C04F79EFBC}") = "Other", "Other\Other.csproj", "{3B68C7E6-4FEA-43FD-9600-029CD18AFAA1}"
EndProject
Global
	GlobalSection(SolutionConfigurationPlatforms) = preSolution
		Debug|Any CPU = Debug|Any CPU
		Release|Any CPU = Release|Any CPU
	EndGlobalSection
	GlobalSection(ProjectConfigurationPlatforms) = postSolution
		{805D1D6D-9C22-43FC-9D9D-5BE0742CEFA5}.Debug|Any CPU.ActiveCfg = Debug|Any CPU
		{805D1D6D-9C22-43FC-9D9D-5BE0742CEFA5}.Debug|Any CPU.Build.0 = Debug|Any CPU
		{805D1D6D-9C22-43FC-9D9D-5BE0742CEFA5}.Release|Any CPU.ActiveCfg = Release|Any CPU
		{805D1D6D-9C22-43FC-9D9D-5BE0742CEFA5}.Release|Any CPU.Build.0 = Release|Any CPU
		{DBBB0E1C-D95F-422F-BE9B-0BE56BCF955F}.Debug|Any CPU.ActiveCfg = Debug|Any CPU
		{DBBB0E1C-D95F-422F-BE9B-0BE56BCF955F}.Debug|Any CPU.Build.0 = Debug|Any CPU
		{DBBB0E1C-D95F-422F-BE9B-0BE56BCF955F}.Release|Any CPU.ActiveCfg = Release|Any CPU
		{DBBB0E1C-D95F-422F-BE9B-0BE56BCF955F}.Release|Any CPU.Build.0 = Release|Any CPU
		{4C6A4BCF-E014-4F12-ADDE-233133D33398}.Debug|Any CPU.ActiveCfg = Debug|Any CPU
		{4C6A4BCF-E014-4F12-ADDE-233133D33398}.Debug|Any CPU.Build.0 = Debug|Any CPU
		{4C6A4BCF-E014-4F12-ADDE-233133D33398}.Release|Any CPU.ActiveCfg = Release|Any CPU
		{4C6A4BCF-E014-4F12-ADDE-233133D33398}.Release|Any CPU.Build.0 = Release|Any CPU
		{7DF287AF-74F4-4541-9AAA-ADDE4AB4C572}.Debug|Any CPU.ActiveCfg = Debug|Any CPU
		{7DF287AF-74F4-4541-9AAA-ADDE4AB4C572}.Debug|Any CPU.Build.0 = Debug|Any CPU
		{7DF287AF-74F4-4541-9AAA-ADDE4AB4C572}.Release|Any CPU.ActiveCfg = Release|Any CPU
		{7DF287AF-74F4-4541-9AAA-ADDE4AB4C572}.Release|Any CPU.Build.0 = Release|Any CPU
		{DEB607D0-1365-40A9-8078-B8A5506A9B8F}.Debug|Any CPU.ActiveCfg = Debug|Any CPU
		{DEB607D0-1365-40A9-8078-B8A5506A9B8F}.Debug|Any CPU.Build.0 = Debug|Any CPU
		{DEB607D0-1365-40A9-8078-B8A5506A9B8F}.Release|Any CPU.ActiveCfg = Release|Any CPU
		{DEB607D0-1365-40A9-8078-B8A5506A9B8F}.Release|Any CPU.Build.0 = Release|Any CPU
		{DB325967-5E5C-43A5-9857-3D1808D6CD8C}.Debug|Any CPU.ActiveCfg = Debug|Any CPU
		{DB325967-5E5C-43A5-9857-3D1808D6CD8C}.Debug|Any CPU.Build.0 = Debug|Any CPU
		{DB325967-5E5C-43A5-9857-3D1808D6CD8C}.Release|Any CPU.ActiveCfg = Release|Any CPU
		{DB325967-5E5C-43A5-9857-3D1808D6CD8C}.Release|Any CPU.Build.0 = Release|Any CPU
		{A0939817-CB41-4C66-A897-41D6EC435DEC}.Debug|Any CPU.ActiveCfg = Debug|Any CPU
		{A0939817-CB41-4C66-A897-41D6EC435DEC}.Debug|Any CPU.Build.0 = Debug|Any CPU
		{A0939817-CB41-4C66-A897-41D6EC435DEC}.Release|Any CPU.ActiveCfg = Release|Any CPU
		{A0939817-CB41-4C66-A897-41D6EC435DEC}.Release|Any CPU.Build.0 = Release|Any CPU
		{0CB74F5F-8D2B-42A6-97E6-C25967CFEF5C}.Debug|Any CPU.ActiveCfg = Debug|Any CPU
		{0CB74F5F-8D2B-42A6-97E6-C25967CFEF5C}.Debug|Any CPU.Build.0 = Debug|Any CPU
		{0CB74F5F-8D2B-42A6-97E6-C25967CFEF5C}.Release|Any CPU.ActiveCfg = Release|Any CPU
		{0CB74F5F-8D2B-42A6-97E6-C25967CFEF5C}.Release|Any CPU.Build.0 = Release|Any CPU
		{3B68C7E6-4FEA-43FD-9600-029CD18AFAA1}.Debug|Any CPU.ActiveCfg = Debug|Any CPU
		{3B68C7E6-4FEA-43FD-9600-029CD18AFAA1}.Debug|Any CPU.Build.0 = Debug|Any CPU
		{3B68C7E6-4FEA-43FD-9600-029CD18AFAA1}.Release|Any CPU.ActiveCfg = Release|Any CPU
		{3B68C7E6-4FEA-43FD-9600-029CD18AFAA1}.Release|Any CPU.Build.0 = Release|Any CPU
	EndGlobalSection
	GlobalSection(SolutionProperties) = preSolution
		HideSolutionNode = FALSE
	EndGlobalSection
	GlobalSection(ExtensibilityGlobals) = postSolution
		SolutionGuid = {12644C1D-CEAE-4019-9564-4644FD6E342E}
	EndGlobalSection
	GlobalSection(NestedProjects) = preSolution
		{7DF287AF-74F4-4541-9AAA-ADDE4AB4C572} = {D8247B61-534D-4174-9F20-93EC504A8F29}
		{0CB74F5F-8D2B-42A6-97E6-C25967CFEF5C} = {D8247B61-534D-4174-9F20-93EC504A8F29}
	EndGlobalSection
EndGlobal
